Microsoft Visual Studio Solution File, Format Version 12.00
# Visual Studio Version 17
VisualStudioVersion = 17.5.2.0
MinimumVisualStudioVersion = 10.0.40219.1
Project("{FAE04EC0-301F-11D3-BF4B-00C04F79EFBC}") = "ConsultaCNPJ", "ConsultaCNPJ\ConsultaCNPJ.csproj", "{A94EA608-8F05-1EBB-F5FC-E20411AF1DA6}"
EndProject
Global
	GlobalSection(SolutionConfigurationPlatforms) = preSolution
		Debug|Any CPU = Debug|Any CPU
		Release|Any CPU = Release|Any CPU
	EndGlobalSection
	GlobalSection(ProjectConfigurationPlatforms) = postSolution
		{A94EA608-8F05-1EBB-F5FC-E20411AF1DA6}.Debug|Any CPU.ActiveCfg = Debug|Any CPU
		{A94EA608-8F05-1EBB-F5FC-E20411AF1DA6}.Debug|Any CPU.Build.0 = Debug|Any CPU
		{A94EA608-8F05-1EBB-F5FC-E20411AF1DA6}.Release|Any CPU.ActiveCfg = Release|Any CPU
		{A94EA608-8F05-1EBB-F5FC-E20411AF1DA6}.Release|Any CPU.Build.0 = Release|Any CPU
	EndGlobalSection
	GlobalSection(SolutionProperties) = preSolution
		HideSolutionNode = FALSE
	EndGlobalSection
	GlobalSection(ExtensibilityGlobals) = postSolution
		SolutionGuid = {0C266D1E-3C9D-4568-AA31-6A006C0AF289}
	EndGlobalSection
EndGlobal
